
Microsoft Visual Studio Solution File, Format Version 12.00
# Visual Studio 15
VisualStudioVersion = 15.0.27703.2035
MinimumVisualStudioVersion = 10.0.40219.1
Project("{9A19103F-16F7-4668-BE54-9A1E7A4F7556}") = "AzureFunctionsIntroduction", "AzureFunctionsIntroduction\AzureFunctionsIntroduction.csproj", "{42451D02-B31F-4BE2-A186-50207CBB4C96}"
EndProject
Global
	GlobalSection(SolutionConfigurationPlatforms) = preSolution
		Debug|Any CPU = Debug|Any CPU
		Release|Any CPU = Release|Any CPU
	EndGlobalSection
	GlobalSection(ProjectConfigurationPlatforms) = postSolution
		{42451D02-B31F-4BE2-A186-50207CBB4C96}.Debug|Any CPU.ActiveCfg = Debug|Any CPU
		{42451D02-B31F-4BE2-A186-50207CBB4C96}.Debug|Any CPU.Build.0 = Debug|Any CPU
		{42451D02-B31F-4BE2-A186-50207CBB4C96}.Release|Any CPU.ActiveCfg = Release|Any CPU
		{42451D02-B31F-4BE2-A186-50207CBB4C96}.Release|Any CPU.Build.0 = Release|Any CPU
	EndGlobalSection
	GlobalSection(SolutionProperties) = preSolution
		HideSolutionNode = FALSE
	EndGlobalSection
	GlobalSection(ExtensibilityGlobals) = postSolution
		SolutionGuid = {F7C86821-8B02-4932-A413-882C3994496D}
	EndGlobalSection
EndGlobal
